
Microsoft Visual Studio Solution File, Format Version 12.00
# Visual Studio 2013
VisualStudioVersion = 12.0.21005.1
MinimumVisualStudioVersion = 10.0.40219.1
Project("{FAE04EC0-301F-11D3-BF4B-00C04F79EFBC}") = "pis.cc4net", "pis.cc4net\pis.cc4net.csproj", "{1C4C91C0-5584-4470-B387-31BF6929BBA8}"
EndProject
Project("{FAE04EC0-301F-11D3-BF4B-00C04F79EFBC}") = "pis.cc4net.sim", "pis.cc4net.sim\pis.cc4net.sim.csproj", "{0AD68DC2-9703-43DD-801F-F9832169825B}"
EndProject
Global
	GlobalSection(SolutionConfigurationPlatforms) = preSolution
		Debug|Any CPU = Debug|Any CPU
		Release|Any CPU = Release|Any CPU
	EndGlobalSection
	GlobalSection(ProjectConfigurationPlatforms) = postSolution
		{1C4C91C0-5584-4470-B387-31BF6929BBA8}.Debug|Any CPU.ActiveCfg = Debug|Any CPU
		{1C4C91C0-5584-4470-B387-31BF6929BBA8}.Debug|Any CPU.Build.0 = Debug|Any CPU
		{1C4C91C0-5584-4470-B387-31BF6929BBA8}.Release|Any CPU.ActiveCfg = Release|Any CPU
		{1C4C91C0-5584-4470-B387-31BF6929BBA8}.Release|Any CPU.Build.0 = Release|Any CPU
		{0AD68DC2-9703-43DD-801F-F9832169825B}.Debug|Any CPU.ActiveCfg = Debug|Any CPU
		{0AD68DC2-9703-43DD-801F-F9832169825B}.Debug|Any CPU.Build.0 = Debug|Any CPU
		{0AD68DC2-9703-43DD-801F-F9832169825B}.Release|Any CPU.ActiveCfg = Release|Any CPU
		{0AD68DC2-9703-43DD-801F-F9832169825B}.Release|Any CPU.Build.0 = Release|Any CPU
	EndGlobalSection
	GlobalSection(SolutionProperties) = preSolution
		HideSolutionNode = FALSE
	EndGlobalSection
EndGlobal
